
Microsoft Visual Studio Solution File, Format Version 12.00
# Visual Studio Version 16
VisualStudioVersion = 16.0.30907.101
MinimumVisualStudioVersion = 10.0.40219.1
Project("{FAE04EC0-301F-11D3-BF4B-00C04F79EFBC}") = "CarService", "CarService.csproj", "{1C6030F1-0183-42DD-8352-A3C64727A829}"
EndProject
Global
	GlobalSection(SolutionConfigurationPlatforms) = preSolution
		Debug|Any CPU = Debug|Any CPU
		Release|Any CPU = Release|Any CPU
	EndGlobalSection
	GlobalSection(ProjectConfigurationPlatforms) = postSolution
		{1C6030F1-0183-42DD-8352-A3C64727A829}.Debug|Any CPU.ActiveCfg = Debug|Any CPU
		{1C6030F1-0183-42DD-8352-A3C64727A829}.Debug|Any CPU.Build.0 = Debug|Any CPU
		{1C6030F1-0183-42DD-8352-A3C64727A829}.Release|Any CPU.ActiveCfg = Release|Any CPU
		{1C6030F1-0183-42DD-8352-A3C64727A829}.Release|Any CPU.Build.0 = Release|Any CPU
	EndGlobalSection
	GlobalSection(SolutionProperties) = preSolution
		HideSolutionNode = FALSE
	EndGlobalSection
	GlobalSection(ExtensibilityGlobals) = postSolution
		SolutionGuid = {CE394C0D-B192-44FB-BB61-8F04548DC5F4}
	EndGlobalSection
EndGlobal
